{
  "name": "tietiesells",
  "version": "0.0.1",
  "lockfileVersion": 1,
  "requires": true,
  "dependencies": {
    "@vant/weapp": {
      "version": "1.10.2",
      "resolved": "https://registry.npmmirror.com/@vant/weapp/download/@vant/weapp-1.10.2.tgz",
      "integrity": "sha512-caqA0xQxM4lMRncFsRPPVMDdEzUBCJ4xdFXuKReXpEU3qwnVIP/WIjVDIi7mWyS7xqz8C9WfSW5JL4PrlSq31w=="
    },
    "apifm-wxapi": {
      "version": "3.48.0",
      "resolved": "https://registry.npmmirror.com/apifm-wxapi/download/apifm-wxapi-3.48.0.tgz",
      "integrity": "sha512-Ees3h6I/EATTNTl5d3Q60Kb8w9Yrisnf69jXpJ+W95a5oxjR4gu4U5wq14/lr42KqxGdjShwNZpmDBgt73t7sw=="
    },
    "wxa-plugin-canvas": {
      "version": "1.1.12",
      "resolved": "https://registry.nlark.com/wxa-plugin-canvas/download/wxa-plugin-canvas-1.1.12.tgz",
      "integrity": "sha1-Y5qYV+SEnKa6w1UsltVEG+ueKPY="
    },
    "wxbarcode": {
      "version": "1.0.2",
      "resolved": "https://registry.nlark.com/wxbarcode/download/wxbarcode-1.0.2.tgz",
      "integrity": "sha1-zgLjSP8AYwHZIBd21sn1rZATFLU="
    }
  }
}
